
Microsoft Visual Studio Solution File, Format Version 12.00
# Visual Studio Version 16
VisualStudioVersion = 16.0.31624.102
MinimumVisualStudioVersion = 10.0.40219.1
Project("{2150E333-8FDC-42A3-9474-1A3956D46DE8}") = "Solution Items", "Solution Items", "{F0568BBB-C747-42B2-AB19-D927E3E1C773}"
	ProjectSection(SolutionItems) = preProject
		Problem.txt = Problem.txt
		..\README.md = ..\README.md
	EndProjectSection
EndProject
Project("{2150E333-8FDC-42A3-9474-1A3956D46DE8}") = "src", "src", "{0163D94B-DD88-45CE-B14F-86BD0826C092}"
EndProject
Project("{2150E333-8FDC-42A3-9474-1A3956D46DE8}") = "WebApplication", "WebApplication", "{4044F850-9765-4D1F-8923-73E1EFCCD422}"
EndProject
Project("{2150E333-8FDC-42A3-9474-1A3956D46DE8}") = "Web", "Web", "{A08581EE-A419-4E88-9B95-01F92A58C05C}"
EndProject
Project("{2150E333-8FDC-42A3-9474-1A3956D46DE8}") = "Infrastructure", "Infrastructure", "{8F22B50C-D4D8-4CDC-BBE5-1557854CD5F6}"
EndProject
Project("{2150E333-8FDC-42A3-9474-1A3956D46DE8}") = "Worker", "Worker", "{B7A7601F-A917-4D32-972D-0CBC0498DB00}"
EndProject
Project("{FAE04EC0-301F-11D3-BF4B-00C04F79EFBC}") = "EventDrive.API", "WebApplication\Web\EventDrive.API\EventDrive.API.csproj", "{FCBF56D7-F449-4E34-9111-F8FF742A9ECE}"
EndProject
Project("{FAE04EC0-301F-11D3-BF4B-00C04F79EFBC}") = "EventDrive.Utils", "Common\EventDrive.Utils\EventDrive.Utils.csproj", "{5177F4B7-C6EF-45D1-9E4C-9E1ABF2CA100}"
EndProject
Project("{2150E333-8FDC-42A3-9474-1A3956D46DE8}") = "Common", "Common", "{1C4DFB4E-DD79-4B18-81DF-5AE31468BFE4}"
EndProject
Project("{FAE04EC0-301F-11D3-BF4B-00C04F79EFBC}") = "EventDrive.Infrastructure", "WebApplication\Infrastructure\EventDrive.Infrastructure\EventDrive.Infrastructure.csproj", "{8B1CE721-8CBD-43AA-BFEF-ED8CC6C7F466}"
EndProject
Project("{FAE04EC0-301F-11D3-BF4B-00C04F79EFBC}") = "EventDrive.Worker.Host", "Worker\EventDrive.Worker.Host\EventDrive.Worker.Host.csproj", "{7F1D422F-7C5E-4325-9743-0272C4730F94}"
EndProject
Project("{FAE04EC0-301F-11D3-BF4B-00C04F79EFBC}") = "EventDrive.Worker.Infrastructure", "Worker\EventDrive.Worker.Infrastructure\EventDrive.Worker.Infrastructure.csproj", "{22D6FC9F-4495-41CC-A084-607DC8040A7F}"
EndProject
Project("{FAE04EC0-301F-11D3-BF4B-00C04F79EFBC}") = "EventDrive.RabbitMq", "Common\EventDrive.RabbitMq\EventDrive.RabbitMq.csproj", "{10EAC5AB-6E66-488B-A825-8A5D5D3ED394}"
EndProject
Project("{FAE04EC0-301F-11D3-BF4B-00C04F79EFBC}") = "EventDrive.DTOs", "Common\EventDrive.DTOs\EventDrive.DTOs.csproj", "{4A7169CE-8939-4A4A-92A3-4512F7AAB9D9}"
EndProject
Project("{2150E333-8FDC-42A3-9474-1A3956D46DE8}") = "tests", "tests", "{E98730C6-5653-4E35-9F65-C495AC90E128}"
EndProject
Project("{FAE04EC0-301F-11D3-BF4B-00C04F79EFBC}") = "EventDrive.IntegrationTests", "..\tests\EventDrive.IntegrationTests\EventDrive.IntegrationTests.csproj", "{B70C9A75-DDDB-4A24-B88C-E78586A71232}"
EndProject
Global
	GlobalSection(SolutionConfigurationPlatforms) = preSolution
		Debug|Any CPU = Debug|Any CPU
		Release|Any CPU = Release|Any CPU
	EndGlobalSection
	GlobalSection(ProjectConfigurationPlatforms) = postSolution
		{FCBF56D7-F449-4E34-9111-F8FF742A9ECE}.Debug|Any CPU.ActiveCfg = Debug|Any CPU
		{FCBF56D7-F449-4E34-9111-F8FF742A9ECE}.Debug|Any CPU.Build.0 = Debug|Any CPU
		{FCBF56D7-F449-4E34-9111-F8FF742A9ECE}.Release|Any CPU.ActiveCfg = Release|Any CPU
		{FCBF56D7-F449-4E34-9111-F8FF742A9ECE}.Release|Any CPU.Build.0 = Release|Any CPU
		{5177F4B7-C6EF-45D1-9E4C-9E1ABF2CA100}.Debug|Any CPU.ActiveCfg = Debug|Any CPU
		{5177F4B7-C6EF-45D1-9E4C-9E1ABF2CA100}.Debug|Any CPU.Build.0 = Debug|Any CPU
		{5177F4B7-C6EF-45D1-9E4C-9E1ABF2CA100}.Release|Any CPU.ActiveCfg = Release|Any CPU
		{5177F4B7-C6EF-45D1-9E4C-9E1ABF2CA100}.Release|Any CPU.Build.0 = Release|Any CPU
		{8B1CE721-8CBD-43AA-BFEF-ED8CC6C7F466}.Debug|Any CPU.ActiveCfg = Debug|Any CPU
		{8B1CE721-8CBD-43AA-BFEF-ED8CC6C7F466}.Debug|Any CPU.Build.0 = Debug|Any CPU
		{8B1CE721-8CBD-43AA-BFEF-ED8CC6C7F466}.Release|Any CPU.ActiveCfg = Release|Any CPU
		{8B1CE721-8CBD-43AA-BFEF-ED8CC6C7F466}.Release|Any CPU.Build.0 = Release|Any CPU
		{7F1D422F-7C5E-4325-9743-0272C4730F94}.Debug|Any CPU.ActiveCfg = Debug|Any CPU
		{7F1D422F-7C5E-4325-9743-0272C4730F94}.Debug|Any CPU.Build.0 = Debug|Any CPU
		{7F1D422F-7C5E-4325-9743-0272C4730F94}.Release|Any CPU.ActiveCfg = Release|Any CPU
		{7F1D422F-7C5E-4325-9743-0272C4730F94}.Release|Any CPU.Build.0 = Release|Any CPU
		{22D6FC9F-4495-41CC-A084-607DC8040A7F}.Debug|Any CPU.ActiveCfg = Debug|Any CPU
		{22D6FC9F-4495-41CC-A084-607DC8040A7F}.Debug|Any CPU.Build.0 = Debug|Any CPU
		{22D6FC9F-4495-41CC-A084-607DC8040A7F}.Release|Any CPU.ActiveCfg = Release|Any CPU
		{22D6FC9F-4495-41CC-A084-607DC8040A7F}.Release|Any CPU.Build.0 = Release|Any CPU
		{10EAC5AB-6E66-488B-A825-8A5D5D3ED394}.Debug|Any CPU.ActiveCfg = Debug|Any CPU
		{10EAC5AB-6E66-488B-A825-8A5D5D3ED394}.Debug|Any CPU.Build.0 = Debug|Any CPU
		{10EAC5AB-6E66-488B-A825-8A5D5D3ED394}.Release|Any CPU.ActiveCfg = Release|Any CPU
		{10EAC5AB-6E66-488B-A825-8A5D5D3ED394}.Release|Any CPU.Build.0 = Release|Any CPU
		{4A7169CE-8939-4A4A-92A3-4512F7AAB9D9}.Debug|Any CPU.ActiveCfg = Debug|Any CPU
		{4A7169CE-8939-4A4A-92A3-4512F7AAB9D9}.Debug|Any CPU.Build.0 = Debug|Any CPU
		{4A7169CE-8939-4A4A-92A3-4512F7AAB9D9}.Release|Any CPU.ActiveCfg = Release|Any CPU
		{4A7169CE-8939-4A4A-92A3-4512F7AAB9D9}.Release|Any CPU.Build.0 = Release|Any CPU
		{B70C9A75-DDDB-4A24-B88C-E78586A71232}.Debug|Any CPU.ActiveCfg = Debug|Any CPU
		{B70C9A75-DDDB-4A24-B88C-E78586A71232}.Debug|Any CPU.Build.0 = Debug|Any CPU
		{B70C9A75-DDDB-4A24-B88C-E78586A71232}.Release|Any CPU.ActiveCfg = Release|Any CPU
		{B70C9A75-DDDB-4A24-B88C-E78586A71232}.Release|Any CPU.Build.0 = Release|Any CPU
	EndGlobalSection
	GlobalSection(SolutionProperties) = preSolution
		HideSolutionNode = FALSE
	EndGlobalSection
	GlobalSection(NestedProjects) = preSolution
		{4044F850-9765-4D1F-8923-73E1EFCCD422} = {0163D94B-DD88-45CE-B14F-86BD0826C092}
		{A08581EE-A419-4E88-9B95-01F92A58C05C} = {4044F850-9765-4D1F-8923-73E1EFCCD422}
		{8F22B50C-D4D8-4CDC-BBE5-1557854CD5F6} = {4044F850-9765-4D1F-8923-73E1EFCCD422}
		{B7A7601F-A917-4D32-972D-0CBC0498DB00} = {0163D94B-DD88-45CE-B14F-86BD0826C092}
		{FCBF56D7-F449-4E34-9111-F8FF742A9ECE} = {A08581EE-A419-4E88-9B95-01F92A58C05C}
		{5177F4B7-C6EF-45D1-9E4C-9E1ABF2CA100} = {1C4DFB4E-DD79-4B18-81DF-5AE31468BFE4}
		{1C4DFB4E-DD79-4B18-81DF-5AE31468BFE4} = {0163D94B-DD88-45CE-B14F-86BD0826C092}
		{8B1CE721-8CBD-43AA-BFEF-ED8CC6C7F466} = {8F22B50C-D4D8-4CDC-BBE5-1557854CD5F6}
		{7F1D422F-7C5E-4325-9743-0272C4730F94} = {B7A7601F-A917-4D32-972D-0CBC0498DB00}
		{22D6FC9F-4495-41CC-A084-607DC8040A7F} = {B7A7601F-A917-4D32-972D-0CBC0498DB00}
		{10EAC5AB-6E66-488B-A825-8A5D5D3ED394} = {1C4DFB4E-DD79-4B18-81DF-5AE31468BFE4}
		{4A7169CE-8939-4A4A-92A3-4512F7AAB9D9} = {1C4DFB4E-DD79-4B18-81DF-5AE31468BFE4}
		{B70C9A75-DDDB-4A24-B88C-E78586A71232} = {E98730C6-5653-4E35-9F65-C495AC90E128}
	EndGlobalSection
	GlobalSection(ExtensibilityGlobals) = postSolution
		SolutionGuid = {00D9515B-9922-446B-A1C9-6C9E811889FA}
	EndGlobalSection
EndGlobal
